// !$*UTF8*$!
{
	archiveVersion = 1;
	classes = {
	};
	objectVersion = 50;
	objects = {

/* Begin PBXBuildFile section */
		3908003B2447D01D00E7727C /* AppDelegate.swift in Sources */ = {isa = PBXBuildFile; fileRef = 3908003A2447D01D00E7727C /* AppDelegate.swift */; };
		3908003D2447D01D00E7727C /* SceneDelegate.swift in Sources */ = {isa = PBXBuildFile; fileRef = 3908003C2447D01D00E7727C /* SceneDelegate.swift */; };
		3908003F2447D01D00E7727C /* RootView.swift in Sources */ = {isa = PBXBuildFile; fileRef = 3908003E2447D01D00E7727C /* RootView.swift */; };
		390800412447D01F00E7727C /* Assets.xcassets in Resources */ = {isa = PBXBuildFile; fileRef = 390800402447D01F00E7727C /* Assets.xcassets */; };
		390800442447D01F00E7727C /* Preview Assets.xcassets in Resources */ = {isa = PBXBuildFile; fileRef = 390800432447D01F00E7727C /* Preview Assets.xcassets */; };
		390800472447D01F00E7727C /* LaunchScreen.storyboard in Resources */ = {isa = PBXBuildFile; fileRef = 390800452447D01F00E7727C /* LaunchScreen.storyboard */; };
		3908005A2447D25700E7727C /* BlobMenu.framework in Frameworks */ = {isa = PBXBuildFile; fileRef = 390800562447D23300E7727C /* BlobMenu.framework */; };
		3908005B2447D25700E7727C /* BlobMenu.framework in Embed Frameworks */ = {isa = PBXBuildFile; fileRef = 390800562447D23300E7727C /* BlobMenu.framework */; settings = {ATTRIBUTES = (CodeSignOnCopy, RemoveHeadersOnCopy, ); }; };
		390800602447D49200E7727C /* README.md in Resources */ = {isa = PBXBuildFile; fileRef = 3908005F2447D49200E7727C /* README.md */; };
		393BF6972474131C004D193D /* PaginatedScrollView.swift in Sources */ = {isa = PBXBuildFile; fileRef = 393BF6962474131C004D193D /* PaginatedScrollView.swift */; };
		393BF69A24742B4F004D193D /* ExtendedScrollView.swift in Sources */ = {isa = PBXBuildFile; fileRef = 393BF69924742B4F004D193D /* ExtendedScrollView.swift */; };
		3948454224774B8A0046236D /* Theme.swift in Sources */ = {isa = PBXBuildFile; fileRef = 3948454124774B8A0046236D /* Theme.swift */; };
		3948454424774EF40046236D /* Screen.swift in Sources */ = {isa = PBXBuildFile; fileRef = 3948454324774EF40046236D /* Screen.swift */; };
		394DFE2A2477385700D89A1B /* RandomIcon.swift in Sources */ = {isa = PBXBuildFile; fileRef = 398270D224772F4100BB7A2B /* RandomIcon.swift */; };
		398270BF2475756E00BB7A2B /* ExchangeView.swift in Sources */ = {isa = PBXBuildFile; fileRef = 398270BE2475756E00BB7A2B /* ExchangeView.swift */; };
		398270C1247575A600BB7A2B /* CommerceView.swift in Sources */ = {isa = PBXBuildFile; fileRef = 398270C0247575A600BB7A2B /* CommerceView.swift */; };
		398270C3247575B500BB7A2B /* StocksView.swift in Sources */ = {isa = PBXBuildFile; fileRef = 398270C2247575B500BB7A2B /* StocksView.swift */; };
		398270CB2475F02B00BB7A2B /* PageControl.swift in Sources */ = {isa = PBXBuildFile; fileRef = 398270CA2475F02B00BB7A2B /* PageControl.swift */; };
		398270D12476A60600BB7A2B /* TouchGesture.swift in Sources */ = {isa = PBXBuildFile; fileRef = 398270D02476A60600BB7A2B /* TouchGesture.swift */; };
		39A6D8AB246172AE0090F507 /* WalletView.swift in Sources */ = {isa = PBXBuildFile; fileRef = 39A6D8AA246172AE0090F507 /* WalletView.swift */; };
		39A6D8AD2461856B0090F507 /* GridStack.swift in Sources */ = {isa = PBXBuildFile; fileRef = 39A6D8AC2461856B0090F507 /* GridStack.swift */; };
		39A6D8AF24619B650090F507 /* Utilities.swift in Sources */ = {isa = PBXBuildFile; fileRef = 39A6D8AE24619B650090F507 /* Utilities.swift */; };
		39A6D8B22461AC2F0090F507 /* Lorem.swift in Sources */ = {isa = PBXBuildFile; fileRef = 39A6D8B12461AC2F0090F507 /* Lorem.swift */; };
/* End PBXBuildFile section */

/* Begin PBXContainerItemProxy section */
		390800552447D23300E7727C /* PBXContainerItemProxy */ = {
			isa = PBXContainerItemProxy;
			containerPortal = 390800512447D23300E7727C /* BlobMenu.xcodeproj */;
			proxyType = 2;
			remoteGlobalIDString = 3908002324474A3800E7727C;
			remoteInfo = BlobMenu;
		};
		390800572447D24500E7727C /* PBXContainerItemProxy */ = {
			isa = PBXContainerItemProxy;
			containerPortal = 390800512447D23300E7727C /* BlobMenu.xcodeproj */;
			proxyType = 1;
			remoteGlobalIDString = 3908002224474A3800E7727C;
			remoteInfo = BlobMenu;
		};
/* End PBXContainerItemProxy section */

/* Begin PBXCopyFilesBuildPhase section */
		3908005C2447D25700E7727C /* Embed Frameworks */ = {
			isa = PBXCopyFilesBuildPhase;
			buildActionMask = 2147483647;
			dstPath = "";
			dstSubfolderSpec = 10;
			files = (
				3908005B2447D25700E7727C /* BlobMenu.framework in Embed Frameworks */,
			);
			name = "Embed Frameworks";
			runOnlyForDeploymentPostprocessing = 0;
		};
/* End PBXCopyFilesBuildPhase section */

/* Begin PBXFileReference section */
		390800372447D01D00E7727C /* Example.app */ = {isa = PBXFileReference; explicitFileType = wrapper.application; includeInIndex = 0; path = Example.app; sourceTree = BUILT_PRODUCTS_DIR; };
		3908003A2447D01D00E7727C /* AppDelegate.swift */ = {isa = PBXFileReference; lastKnownFileType = sourcecode.swift; path = AppDelegate.swift; sourceTree = "<group>"; };
		3908003C2447D01D00E7727C /* SceneDelegate.swift */ = {isa = PBXFileReference; lastKnownFileType = sourcecode.swift; path = SceneDelegate.swift; sourceTree = "<group>"; };
		3908003E2447D01D00E7727C /* RootView.swift */ = {isa = PBXFileReference; lastKnownFileType = sourcecode.swift; path = RootView.swift; sourceTree = "<group>"; };
		390800402447D01F00E7727C /* Assets.xcassets */ = {isa = PBXFileReference; lastKnownFileType = folder.assetcatalog; path = Assets.xcassets; sourceTree = "<group>"; };
		390800432447D01F00E7727C /* Preview Assets.xcassets */ = {isa = PBXFileReference; lastKnownFileType = folder.assetcatalog; path = "Preview Assets.xcassets"; sourceTree = "<group>"; };
		390800462447D01F00E7727C /* Base */ = {isa = PBXFileReference; lastKnownFileType = file.storyboard; name = Base; path = Base.lproj/LaunchScreen.storyboard; sourceTree = "<group>"; };
		390800482447D01F00E7727C /* Info.plist */ = {isa = PBXFileReference; lastKnownFileType = text.plist.xml; path = Info.plist; sourceTree = "<group>"; };
		390800512447D23300E7727C /* BlobMenu.xcodeproj */ = {isa = PBXFileReference; lastKnownFileType = "wrapper.pb-project"; name = BlobMenu.xcodeproj; path = ../BlobMenu.xcodeproj; sourceTree = "<group>"; };
		3908005F2447D49200E7727C /* README.md */ = {isa = PBXFileReference; fileEncoding = 4; lastKnownFileType = net.daringfireball.markdown; name = README.md; path = ../../../README.md; sourceTree = "<group>"; };
		393BF6962474131C004D193D /* PaginatedScrollView.swift */ = {isa = PBXFileReference; lastKnownFileType = sourcecode.swift; path = PaginatedScrollView.swift; sourceTree = "<group>"; };
		393BF69924742B4F004D193D /* ExtendedScrollView.swift */ = {isa = PBXFileReference; lastKnownFileType = sourcecode.swift; path = ExtendedScrollView.swift; sourceTree = "<group>"; };
		3948454124774B8A0046236D /* Theme.swift */ = {isa = PBXFileReference; lastKnownFileType = sourcecode.swift; path = Theme.swift; sourceTree = "<group>"; };
		3948454324774EF40046236D /* Screen.swift */ = {isa = PBXFileReference; lastKnownFileType = sourcecode.swift; path = Screen.swift; sourceTree = "<group>"; };
		398270BE2475756E00BB7A2B /* ExchangeView.swift */ = {isa = PBXFileReference; lastKnownFileType = sourcecode.swift; path = ExchangeView.swift; sourceTree = "<group>"; };
		398270C0247575A600BB7A2B /* CommerceView.swift */ = {isa = PBXFileReference; lastKnownFileType = sourcecode.swift; path = CommerceView.swift; sourceTree = "<group>"; };
		398270C2247575B500BB7A2B /* StocksView.swift */ = {isa = PBXFileReference; lastKnownFileType = sourcecode.swift; path = StocksView.swift; sourceTree = "<group>"; };
		398270CA2475F02B00BB7A2B /* PageControl.swift */ = {isa = PBXFileReference; fileEncoding = 4; lastKnownFileType = sourcecode.swift; path = PageControl.swift; sourceTree = "<group>"; };
		398270D02476A60600BB7A2B /* TouchGesture.swift */ = {isa = PBXFileReference; fileEncoding = 4; lastKnownFileType = sourcecode.swift; path = TouchGesture.swift; sourceTree = "<group>"; };
		398270D224772F4100BB7A2B /* RandomIcon.swift */ = {isa = PBXFileReference; lastKnownFileType = sourcecode.swift; path = RandomIcon.swift; sourceTree = "<group>"; };
		39A6D8AA246172AE0090F507 /* WalletView.swift */ = {isa = PBXFileReference; lastKnownFileType = sourcecode.swift; path = WalletView.swift; sourceTree = "<group>"; };
		39A6D8AC2461856B0090F507 /* GridStack.swift */ = {isa = PBXFileReference; lastKnownFileType = sourcecode.swift; path = GridStack.swift; sourceTree = "<group>"; };
		39A6D8AE24619B650090F507 /* Utilities.swift */ = {isa = PBXFileReference; lastKnownFileType = sourcecode.swift; path = Utilities.swift; sourceTree = "<group>"; };
		39A6D8B12461AC2F0090F507 /* Lorem.swift */ = {isa = PBXFileReference; lastKnownFileType = sourcecode.swift; path = Lorem.swift; sourceTree = "<group>"; };
/* End PBXFileReference section */

/* Begin PBXFrameworksBuildPhase section */
		390800342447D01D00E7727C /* Frameworks */ = {
			isa = PBXFrameworksBuildPhase;
			buildActionMask = 2147483647;
			files = (
				3908005A2447D25700E7727C /* BlobMenu.framework in Frameworks */,
			);
			runOnlyForDeploymentPostprocessing = 0;
		};
/* End PBXFrameworksBuildPhase section */

/* Begin PBXGroup section */
		3908002E2447D01D00E7727C = {
			isa = PBXGroup;
			children = (
				390800512447D23300E7727C /* BlobMenu.xcodeproj */,
				390800392447D01D00E7727C /* Example */,
				390800382447D01D00E7727C /* Products */,
				390800592447D25700E7727C /* Frameworks */,
			);
			sourceTree = "<group>";
		};
		390800382447D01D00E7727C /* Products */ = {
			isa = PBXGroup;
			children = (
				390800372447D01D00E7727C /* Example.app */,
			);
			name = Products;
			sourceTree = "<group>";
		};
		390800392447D01D00E7727C /* Example */ = {
			isa = PBXGroup;
			children = (
				3908004E2447D04800E7727C /* App */,
				390800502447D0D500E7727C /* Screens */,
				393BF69824741D33004D193D /* UI */,
				39A6D8B02461AC180090F507 /* Utilities */,
				3908004F2447D05A00E7727C /* Resources */,
				390800422447D01F00E7727C /* Preview Content */,
			);
			path = Example;
			sourceTree = "<group>";
		};
		390800422447D01F00E7727C /* Preview Content */ = {
			isa = PBXGroup;
			children = (
				390800432447D01F00E7727C /* Preview Assets.xcassets */,
			);
			path = "Preview Content";
			sourceTree = "<group>";
		};
		3908004E2447D04800E7727C /* App */ = {
			isa = PBXGroup;
			children = (
				3908003A2447D01D00E7727C /* AppDelegate.swift */,
				3908003C2447D01D00E7727C /* SceneDelegate.swift */,
				3948454124774B8A0046236D /* Theme.swift */,
			);
			path = App;
			sourceTree = "<group>";
		};
		3908004F2447D05A00E7727C /* Resources */ = {
			isa = PBXGroup;
			children = (
				3908005F2447D49200E7727C /* README.md */,
				390800402447D01F00E7727C /* Assets.xcassets */,
				390800452447D01F00E7727C /* LaunchScreen.storyboard */,
				390800482447D01F00E7727C /* Info.plist */,
			);
			path = Resources;
			sourceTree = "<group>";
		};
		390800502447D0D500E7727C /* Screens */ = {
			isa = PBXGroup;
			children = (
				3908003E2447D01D00E7727C /* RootView.swift */,
				39A6D8AA246172AE0090F507 /* WalletView.swift */,
				398270BE2475756E00BB7A2B /* ExchangeView.swift */,
				398270C0247575A600BB7A2B /* CommerceView.swift */,
				398270C2247575B500BB7A2B /* StocksView.swift */,
			);
			path = Screens;
			sourceTree = "<group>";
		};
		390800522447D23300E7727C /* Products */ = {
			isa = PBXGroup;
			children = (
				390800562447D23300E7727C /* BlobMenu.framework */,
			);
			name = Products;
			sourceTree = "<group>";
		};
		390800592447D25700E7727C /* Frameworks */ = {
			isa = PBXGroup;
			children = (
			);
			name = Frameworks;
			sourceTree = "<group>";
		};
		393BF69824741D33004D193D /* UI */ = {
			isa = PBXGroup;
			children = (
				39A6D8AC2461856B0090F507 /* GridStack.swift */,
				398270CA2475F02B00BB7A2B /* PageControl.swift */,
				393BF6962474131C004D193D /* PaginatedScrollView.swift */,
				393BF69924742B4F004D193D /* ExtendedScrollView.swift */,
				398270D224772F4100BB7A2B /* RandomIcon.swift */,
			);
			path = UI;
			sourceTree = "<group>";
		};
		39A6D8B02461AC180090F507 /* Utilities */ = {
			isa = PBXGroup;
			children = (
				398270D02476A60600BB7A2B /* TouchGesture.swift */,
				39A6D8AE24619B650090F507 /* Utilities.swift */,
				39A6D8B12461AC2F0090F507 /* Lorem.swift */,
				3948454324774EF40046236D /* Screen.swift */,
			);
			path = Utilities;
			sourceTree = "<group>";
		};
/* End PBXGroup section */

/* Begin PBXNativeTarget section */
		390800362447D01D00E7727C /* Example */ = {
			isa = PBXNativeTarget;
			buildConfigurationList = 3908004B2447D01F00E7727C /* Build configuration list for PBXNativeTarget "Example" */;
			buildPhases = (
				390800332447D01D00E7727C /* Sources */,
				390800342447D01D00E7727C /* Frameworks */,
				390800352447D01D00E7727C /* Resources */,
				3908005C2447D25700E7727C /* Embed Frameworks */,
			);
			buildRules = (
			);
			dependencies = (
				390800582447D24500E7727C /* PBXTargetDependency */,
			);
			name = Example;
			productName = Example;
			productReference = 390800372447D01D00E7727C /* Example.app */;
			productType = "com.apple.product-type.application";
		};
/* End PBXNativeTarget section */

/* Begin PBXProject section */
		3908002F2447D01D00E7727C /* Project object */ = {
			isa = PBXProject;
			attributes = {
				LastSwiftUpdateCheck = 1140;
				LastUpgradeCheck = 1140;
				ORGANIZATIONNAME = Ramotion;
				TargetAttributes = {
					390800362447D01D00E7727C = {
						CreatedOnToolsVersion = 11.4;
					};
				};
			};
			buildConfigurationList = 390800322447D01D00E7727C /* Build configuration list for PBXProject "Example" */;
			compatibilityVersion = "Xcode 9.3";
			developmentRegion = en;
			hasScannedForEncodings = 0;
			knownRegions = (
				en,
				Base,
			);
			mainGroup = 3908002E2447D01D00E7727C;
			productRefGroup = 390800382447D01D00E7727C /* Products */;
			projectDirPath = "";
			projectReferences = (
				{
					ProductGroup = 390800522447D23300E7727C /* Products */;
					ProjectRef = 390800512447D23300E7727C /* BlobMenu.xcodeproj */;
				},
			);
			projectRoot = "";
			targets = (
				390800362447D01D00E7727C /* Example */,
			);
		};
/* End PBXProject section */

/* Begin PBXReferenceProxy section */
		390800562447D23300E7727C /* BlobMenu.framework */ = {
			isa = PBXReferenceProxy;
			fileType = wrapper.framework;
			path = BlobMenu.framework;
			remoteRef = 390800552447D23300E7727C /* PBXContainerItemProxy */;
			sourceTree = BUILT_PRODUCTS_DIR;
		};
/* End PBXReferenceProxy section */

/* Begin PBXResourcesBuildPhase section */
		390800352447D01D00E7727C /* Resources */ = {
			isa = PBXResourcesBuildPhase;
			buildActionMask = 2147483647;
			files = (
				390800472447D01F00E7727C /* LaunchScreen.storyboard in Resources */,
				390800442447D01F00E7727C /* Preview Assets.xcassets in Resources */,
				390800602447D49200E7727C /* README.md in Resources */,
				390800412447D01F00E7727C /* Assets.xcassets in Resources */,
			);
			runOnlyForDeploymentPostprocessing = 0;
		};
/* End PBXResourcesBuildPhase section */

/* Begin PBXSourcesBuildPhase section */
		390800332447D01D00E7727C /* Sources */ = {
			isa = PBXSourcesBuildPhase;
			buildActionMask = 2147483647;
			files = (
				39A6D8AF24619B650090F507 /* Utilities.swift in Sources */,
				398270C1247575A600BB7A2B /* CommerceView.swift in Sources */,
				39A6D8AD2461856B0090F507 /* GridStack.swift in Sources */,
				398270D12476A60600BB7A2B /* TouchGesture.swift in Sources */,
				398270CB2475F02B00BB7A2B /* PageControl.swift in Sources */,
				3908003B2447D01D00E7727C /* AppDelegate.swift in Sources */,
				398270BF2475756E00BB7A2B /* ExchangeView.swift in Sources */,
				393BF69A24742B4F004D193D /* ExtendedScrollView.swift in Sources */,
				393BF6972474131C004D193D /* PaginatedScrollView.swift in Sources */,
				3948454224774B8A0046236D /* Theme.swift in Sources */,
				3908003D2447D01D00E7727C /* SceneDelegate.swift in Sources */,
				39A6D8B22461AC2F0090F507 /* Lorem.swift in Sources */,
				398270C3247575B500BB7A2B /* StocksView.swift in Sources */,
				3908003F2447D01D00E7727C /* RootView.swift in Sources */,
				3948454424774EF40046236D /* Screen.swift in Sources */,
				39A6D8AB246172AE0090F507 /* WalletView.swift in Sources */,
				394DFE2A2477385700D89A1B /* RandomIcon.swift in Sources */,
			);
			runOnlyForDeploymentPostprocessing = 0;
		};
/* End PBXSourcesBuildPhase section */

/* Begin PBXTargetDependency section */
		390800582447D24500E7727C /* PBXTargetDependency */ = {
			isa = PBXTargetDependency;
			name = BlobMenu;
			targetProxy = 390800572447D24500E7727C /* PBXContainerItemProxy */;
		};
/* End PBXTargetDependency section */

/* Begin PBXVariantGroup section */
		390800452447D01F00E7727C /* LaunchScreen.storyboard */ = {
			isa = PBXVariantGroup;
			children = (
				390800462447D01F00E7727C /* Base */,
			);
			name = LaunchScreen.storyboard;
			sourceTree = "<group>";
		};
/* End PBXVariantGroup section */

/* Begin XCBuildConfiguration section */
		390800492447D01F00E7727C /* Debug */ = {
			isa = XCBuildConfiguration;
			buildSettings = {
				ALWAYS_SEARCH_USER_PATHS = NO;
				CLANG_ANALYZER_NONNULL = YES;
				CLANG_ANALYZER_NUMBER_OBJECT_CONVERSION = YES_AGGRESSIVE;
				CLANG_CXX_LANGUAGE_STANDARD = "gnu++14";
				CLANG_CXX_LIBRARY = "libc++";
				CLANG_ENABLE_MODULES = YES;
				CLANG_ENABLE_OBJC_ARC = YES;
				CLANG_ENABLE_OBJC_WEAK = YES;
				CLANG_WARN_BLOCK_CAPTURE_AUTORELEASING = YES;
				CLANG_WARN_BOOL_CONVERSION = YES;
				CLANG_WARN_COMMA = YES;
				CLANG_WARN_CONSTANT_CONVERSION = YES;
				CLANG_WARN_DEPRECATED_OBJC_IMPLEMENTATIONS = YES;
				CLANG_WARN_DIRECT_OBJC_ISA_USAGE = YES_ERROR;
				CLANG_WARN_DOCUMENTATION_COMMENTS = YES;
				CLANG_WARN_EMPTY_BODY = YES;
				CLANG_WARN_ENUM_CONVERSION = YES;
				CLANG_WARN_INFINITE_RECURSION = YES;
				CLANG_WARN_INT_CONVERSION = YES;
				CLANG_WARN_NON_LITERAL_NULL_CONVERSION = YES;
				CLANG_WARN_OBJC_IMPLICIT_RETAIN_SELF = YES;
				CLANG_WARN_OBJC_LITERAL_CONVERSION = YES;
				CLANG_WARN_OBJC_ROOT_CLASS = YES_ERROR;
				CLANG_WARN_RANGE_LOOP_ANALYSIS = YES;
				CLANG_WARN_STRICT_PROTOTYPES = YES;
				CLANG_WARN_SUSPICIOUS_MOVE = YES;
				CLANG_WARN_UNGUARDED_AVAILABILITY = YES_AGGRESSIVE;
				CLANG_WARN_UNREACHABLE_CODE = YES;
				CLANG_WARN__DUPLICATE_METHOD_MATCH = YES;
				COPY_PHASE_STRIP = NO;
				DEBUG_INFORMATION_FORMAT = dwarf;
				ENABLE_STRICT_OBJC_MSGSEND = YES;
				ENABLE_TESTABILITY = YES;
				GCC_C_LANGUAGE_STANDARD = gnu11;
				GCC_DYNAMIC_NO_PIC = NO;
				GCC_NO_COMMON_BLOCKS = YES;
				GCC_OPTIMIZATION_LEVEL = 0;
				GCC_PREPROCESSOR_DEFINITIONS = (
					"DEBUG=1",
					"$(inherited)",
				);
				GCC_WARN_64_TO_32_BIT_CONVERSION = YES;
				GCC_WARN_ABOUT_RETURN_TYPE = YES_ERROR;
				GCC_WARN_UNDECLARED_SELECTOR = YES;
				GCC_WARN_UNINITIALIZED_AUTOS = YES_AGGRESSIVE;
				GCC_WARN_UNUSED_FUNCTION = YES;
				GCC_WARN_UNUSED_VARIABLE = YES;
				IPHONEOS_DEPLOYMENT_TARGET = 13.4;
				MTL_ENABLE_DEBUG_INFO = INCLUDE_SOURCE;
				MTL_FAST_MATH = YES;
				ONLY_ACTIVE_ARCH = YES;
				SDKROOT = iphoneos;
				SWIFT_ACTIVE_COMPILATION_CONDITIONS = DEBUG;
				SWIFT_OPTIMIZATION_LEVEL = "-Onone";
			};
			name = Debug;
		};
		3908004A2447D01F00E7727C /* Release */ = {
			isa = XCBuildConfiguration;
			buildSettings = {
				ALWAYS_SEARCH_USER_PATHS = NO;
				CLANG_ANALYZER_NONNULL = YES;
				CLANG_ANALYZER_NUMBER_OBJECT_CONVERSION = YES_AGGRESSIVE;
				CLANG_CXX_LANGUAGE_STANDARD = "gnu++14";
				CLANG_CXX_LIBRARY = "libc++";
				CLANG_ENABLE_MODULES = YES;
				CLANG_ENABLE_OBJC_ARC = YES;
				CLANG_ENABLE_OBJC_WEAK = YES;
				CLANG_WARN_BLOCK_CAPTURE_AUTORELEASING = YES;
				CLANG_WARN_BOOL_CONVERSION = YES;
				CLANG_WARN_COMMA = YES;
				CLANG_WARN_CONSTANT_CONVERSION = YES;
				CLANG_WARN_DEPRECATED_OBJC_IMPLEMENTATIONS = YES;
				CLANG_WARN_DIRECT_OBJC_ISA_USAGE = YES_ERROR;
				CLANG_WARN_DOCUMENTATION_COMMENTS = YES;
				CLANG_WARN_EMPTY_BODY = YES;
				CLANG_WARN_ENUM_CONVERSION = YES;
				CLANG_WARN_INFINITE_RECURSION = YES;
				CLANG_WARN_INT_CONVERSION = YES;
				CLANG_WARN_NON_LITERAL_NULL_CONVERSION = YES;
				CLANG_WARN_OBJC_IMPLICIT_RETAIN_SELF = YES;
				CLANG_WARN_OBJC_LITERAL_CONVERSION = YES;
				CLANG_WARN_OBJC_ROOT_CLASS = YES_ERROR;
				CLANG_WARN_RANGE_LOOP_ANALYSIS = YES;
				CLANG_WARN_STRICT_PROTOTYPES = YES;
				CLANG_WARN_SUSPICIOUS_MOVE = YES;
				CLANG_WARN_UNGUARDED_AVAILABILITY = YES_AGGRESSIVE;
				CLANG_WARN_UNREACHABLE_CODE = YES;
				CLANG_WARN__DUPLICATE_METHOD_MATCH = YES;
				COPY_PHASE_STRIP = NO;
				DEBUG_INFORMATION_FORMAT = "dwarf-with-dsym";
				ENABLE_NS_ASSERTIONS = NO;
				ENABLE_STRICT_OBJC_MSGSEND = YES;
				GCC_C_LANGUAGE_STANDARD = gnu11;
				GCC_NO_COMMON_BLOCKS = YES;
				GCC_WARN_64_TO_32_BIT_CONVERSION = YES;
				GCC_WARN_ABOUT_RETURN_TYPE = YES_ERROR;
				GCC_WARN_UNDECLARED_SELECTOR = YES;
				GCC_WARN_UNINITIALIZED_AUTOS = YES_AGGRESSIVE;
				GCC_WARN_UNUSED_FUNCTION = YES;
				GCC_WARN_UNUSED_VARIABLE = YES;
				IPHONEOS_DEPLOYMENT_TARGET = 13.4;
				MTL_ENABLE_DEBUG_INFO = NO;
				MTL_FAST_MATH = YES;
				SDKROOT = iphoneos;
				SWIFT_COMPILATION_MODE = wholemodule;
				SWIFT_OPTIMIZATION_LEVEL = "-O";
				VALIDATE_PRODUCT = YES;
			};
			name = Release;
		};
		3908004C2447D01F00E7727C /* Debug */ = {
			isa = XCBuildConfiguration;
			buildSettings = {
				ASSETCATALOG_COMPILER_APPICON_NAME = AppIcon;
				CODE_SIGN_STYLE = Automatic;
				DEVELOPMENT_ASSET_PATHS = "\"Example/Preview Content\"";
				DEVELOPMENT_TEAM = 34MUF9YXTA;
				ENABLE_PREVIEWS = YES;
				INFOPLIST_FILE = Example/Resources/Info.plist;
				LD_RUNPATH_SEARCH_PATHS = (
					"$(inherited)",
					"@executable_path/Frameworks",
				);
				PRODUCT_BUNDLE_IDENTIFIER = com.ramotion.Example;
				PRODUCT_NAME = "$(TARGET_NAME)";
				SWIFT_VERSION = 5.0;
				TARGETED_DEVICE_FAMILY = "1,2";
			};
			name = Debug;
		};
		3908004D2447D01F00E7727C /* Release */ = {
			isa = XCBuildConfiguration;
			buildSettings = {
				ASSETCATALOG_COMPILER_APPICON_NAME = AppIcon;
				CODE_SIGN_STYLE = Automatic;
				DEVELOPMENT_ASSET_PATHS = "\"Example/Preview Content\"";
				DEVELOPMENT_TEAM = 34MUF9YXTA;
				ENABLE_PREVIEWS = YES;
				INFOPLIST_FILE = Example/Resources/Info.plist;
				LD_RUNPATH_SEARCH_PATHS = (
					"$(inherited)",
					"@executable_path/Frameworks",
				);
				PRODUCT_BUNDLE_IDENTIFIER = com.ramotion.Example;
				PRODUCT_NAME = "$(TARGET_NAME)";
				SWIFT_VERSION = 5.0;
				TARGETED_DEVICE_FAMILY = "1,2";
			};
			name = Release;
		};
/* End XCBuildConfiguration section */

/* Begin XCConfigurationList section */
		390800322447D01D00E7727C /* Build configuration list for PBXProject "Example" */ = {
			isa = XCConfigurationList;
			buildConfigurations = (
				390800492447D01F00E7727C /* Debug */,
				3908004A2447D01F00E7727C /* Release */,
			);
			defaultConfigurationIsVisible = 0;
			defaultConfigurationName = Release;
		};
		3908004B2447D01F00E7727C /* Build configuration list for PBXNativeTarget "Example" */ = {
			isa = XCConfigurationList;
			buildConfigurations = (
				3908004C2447D01F00E7727C /* Debug */,
				3908004D2447D01F00E7727C /* Release */,
			);
			defaultConfigurationIsVisible = 0;
			defaultConfigurationName = Release;
		};
/* End XCConfigurationList section */
	};
	rootObject = 3908002F2447D01D00E7727C /* Project object */;
}
